<?xml version="1.0" encoding="utf-8"?>
<Project ToolsVersion="4.0" xmlns="http://schemas.microsoft.com/developer/msbuild/2003">
  <ItemGroup>
    <Filter Include="Source">
      <UniqueIdentifier>{5b1b71c8-712d-4ca0-a4d1-db99dd0ed5c2}</UniqueIdentifier>
    </Filter>
    <Filter Include="Source\Core">
      <UniqueIdentifier>{e73703f1-cbea-4be3-84da-db502f681a67}</UniqueIdentifier>
    </Filter>
    <Filter Include="Source\World">
      <UniqueIdentifier>{6511a577-9681-4e05-8b43-05535d9ee4e3}</UniqueIdentifier>
    </Filter>
    <Filter Include="Source\Game">
      <UniqueIdentifier>{d8614767-8acd-4a84-aac4-431bd14d39bc}</UniqueIdentifier>
    </Filter>
    <Filter Include="Source\Sprite">
      <UniqueIdentifier>{8cc0eb13-db64-447b-8804-9dcbd96e19e8}</UniqueIdentifier>
    </Filter>
    <Filter Include="Source\Game\Scenes">
      <UniqueIdentifier>{0730cb5d-352f-49e1-9975-c1e4296df470}</UniqueIdentifier>
    </Filter>
    <Filter Include="Source\Core\Context">
      <UniqueIdentifier>{90a160f8-1e3b-4c9b-ab43-370515f7aedb}</UniqueIdentifier>
    </Filter>
    <Filter Include="Source\World\Context">
      <UniqueIdentifier>{9a1b5055-473d-49af-8a74-f426a751499b}</UniqueIdentifier>
    </Filter>
    <Filter Include="Source\Game\Entities">
      <UniqueIdentifier>{617fcfe9-b731-45b9-bca4-a3309fb3a497}</UniqueIdentifier>
    </Filter>
    <Filter Include="Source\Game\Entities\Enemies">
      <UniqueIdentifier>{734a8bb6-500c-4b51-a910-638c0dabceba}</UniqueIdentifier>
    </Filter>
  </ItemGroup>
  <ItemGroup>
    <ClCompile Include="Source/Core/Window.cpp">
      <Filter>Source\Core</Filter>
    </ClCompile>
    <ClCompile Include="Source/Core/ConsoleRenderer.cpp">
      <Filter>Source\Core</Filter>
    </ClCompile>
    <ClCompile Include="Source/Core/ConsoleEngine.cpp">
      <Filter>Source\Core</Filter>
    </ClCompile>
    <ClCompile Include="Source/World/Scene.cpp">
      <Filter>Source\World</Filter>
    </ClCompile>
    <ClCompile Include="Source/World/Entity.cpp">
      <Filter>Source\World</Filter>
    </ClCompile>
    <ClCompile Include="Source/World/EntityManager.cpp">
      <Filter>Source\World</Filter>
    </ClCompile>
    <ClCompile Include="Source/World/TilemapManager.cpp">
      <Filter>Source\World</Filter>
    </ClCompile>
    <ClCompile Include="Source/Sprite/SpriteImporter.cpp">
      <Filter>Source\Sprite</Filter>
    </ClCompile>
    <ClCompile Include="Source/Sprite/Sprite.cpp">
      <Filter>Source\Sprite</Filter>
    </ClCompile>
    <ClCompile Include="main.cpp">
      <Filter>Source</Filter>
    </ClCompile>
    <ClCompile Include="Source/Game/Scenes/World1n1.cpp">
      <Filter>Source\Game\Scenes</Filter>
    </ClCompile>
    <ClCompile Include="Source/World/Context/WorldContext.cpp">
      <Filter>Source\World\Context</Filter>
    </ClCompile>
    <ClCompile Include="Source/Core/InputManager.cpp">
      <Filter>Source\Core</Filter>
    </ClCompile>
    <ClCompile Include="Source/Core/AssetManager.cpp">
      <Filter>Source\Core</Filter>
    </ClCompile>
    <ClCompile Include="Source/Game/Player.cpp">
      <Filter>Source\Game</Filter>
    </ClCompile>
    <ClCompile Include="Source\Game\Entities\Enemies\Goomba.cpp">
      <Filter>Source\Game\Entities\Enemies</Filter>
    </ClCompile>
    <ClCompile Include="Source\World\CollisionManager.cpp">
      <Filter>Source\World</Filter>
    </ClCompile>
    <ClCompile Include="Source\Core\SceneManager.cpp" />
  </ItemGroup>
  <ItemGroup>
    <ClInclude Include="Source/Core/Window.h">
      <Filter>Source\Core</Filter>
    </ClInclude>
    <ClInclude Include="Source/Core/ConsoleRenderer.h">
      <Filter>Source\Core</Filter>
    </ClInclude>
    <ClInclude Include="Source/Core/ConsoleEngine.h">
      <Filter>Source\Core</Filter>
    </ClInclude>
    <ClInclude Include="Source/Core/ViewportInfo.h">
      <Filter>Source\Core</Filter>
    </ClInclude>
    <ClInclude Include="Source/World/Camera.h">
      <Filter>Source\World</Filter>
    </ClInclude>
    <ClInclude Include="Source/World/Entity.h">
      <Filter>Source\World</Filter>
    </ClInclude>
    <ClInclude Include="Source/World/EntityManager.h">
      <Filter>Source\World</Filter>
    </ClInclude>
    <ClInclude Include="Source/World/TilemapManager.h">
      <Filter>Source\World</Filter>
    </ClInclude>
    <ClInclude Include="Source/World/Scene.h">
      <Filter>Source\World</Filter>
    </ClInclude>
    <ClInclude Include="Source/Sprite/SpriteToRender.h">
      <Filter>Source\Sprite</Filter>
    </ClInclude>
    <ClInclude Include="Source/Sprite/SpriteImporter.h">
      <Filter>Source\Sprite</Filter>
    </ClInclude>
    <ClInclude Include="Source/Sprite/Sprite.h">
      <Filter>Source\Sprite</Filter>
    </ClInclude>
    <ClInclude Include="Source/Sprite/Pixel.h">
      <Filter>Source\Sprite</Filter>
    </ClInclude>
    <ClInclude Include="Source/Core/Context/EngineContext.h">
      <Filter>Source\Core\Context</Filter>
    </ClInclude>
    <ClInclude Include="Source/World/Context/WorldContext.h">
      <Filter>Source\World\Context</Filter>
    </ClInclude>
    <ClInclude Include="Source/Core/InputManager.h">
      <Filter>Source\Core</Filter>
    </ClInclude>
    <ClInclude Include="Source/Core/KeyCode.h">
      <Filter>Source\Core</Filter>
    </ClInclude>
    <ClInclude Include="Source/Core/AssetManager.h">
      <Filter>Source\Core</Filter>
    </ClInclude>
    <ClInclude Include="Source/Game/Scenes/World1n1.h">
      <Filter>Source\Game\Scenes</Filter>
    </ClInclude>
    <ClInclude Include="Source/Game/Player.h">
      <Filter>Source\Game</Filter>
    </ClInclude>
    <ClInclude Include="Source\Game\Entities\Enemies\Goomba.h">
      <Filter>Source\Game\Entities\Enemies</Filter>
    </ClInclude>
    <ClInclude Include="Source\World\CollisionManager.h">
      <Filter>Source\World</Filter>
    </ClInclude>
    <ClInclude Include="Source\Core\DebugDraw.h">
      <Filter>Source\Core</Filter>
    </ClInclude>
    <ClInclude Include="Source\Core\SceneManager.h" />
  </ItemGroup>
</Project>